// !$*UTF8*$!
{
	archiveVersion = 1;
	classes = {
	};
	objectVersion = 51;
	objects = {

/* Begin PBXBuildFile section */
		0F7BFE46BE895F55A1461D98 /* Pods_instagramClone_instagramCloneUITests.framework in Frameworks */ = {isa = PBXBuildFile; fileRef = AA3E555D9DC8F552A85CD42A /* Pods_instagramClone_instagramCloneUITests.framework */; };
		2047C713D4B3388581C96938 /* Pods_instagramClone.framework in Frameworks */ = {isa = PBXBuildFile; fileRef = 3F99C333C61C307A66C98CD5 /* Pods_instagramClone.framework */; };
		3A37748D2385EB260034EA59 /* AppDelegate.swift in Sources */ = {isa = PBXBuildFile; fileRef = 3A37748C2385EB260034EA59 /* AppDelegate.swift */; };
		3A37748F2385EB260034EA59 /* SceneDelegate.swift in Sources */ = {isa = PBXBuildFile; fileRef = 3A37748E2385EB260034EA59 /* SceneDelegate.swift */; };
		3A3774912385EB260034EA59 /* ViewController.swift in Sources */ = {isa = PBXBuildFile; fileRef = 3A3774902385EB260034EA59 /* ViewController.swift */; };
		3A3774942385EB260034EA59 /* Main.storyboard in Resources */ = {isa = PBXBuildFile; fileRef = 3A3774922385EB260034EA59 /* Main.storyboard */; };
		3A3774962385EB290034EA59 /* Assets.xcassets in Resources */ = {isa = PBXBuildFile; fileRef = 3A3774952385EB290034EA59 /* Assets.xcassets */; };
		3A3774992385EB290034EA59 /* LaunchScreen.storyboard in Resources */ = {isa = PBXBuildFile; fileRef = 3A3774972385EB290034EA59 /* LaunchScreen.storyboard */; };
		3A3774A42385EB2A0034EA59 /* instagramCloneTests.swift in Sources */ = {isa = PBXBuildFile; fileRef = 3A3774A32385EB2A0034EA59 /* instagramCloneTests.swift */; };
		3A3774AF2385EB2A0034EA59 /* instagramCloneUITests.swift in Sources */ = {isa = PBXBuildFile; fileRef = 3A3774AE2385EB2A0034EA59 /* instagramCloneUITests.swift */; };
		3A3774BD2385EB760034EA59 /* GoogleService-Info.plist in Resources */ = {isa = PBXBuildFile; fileRef = 3A3774BC2385EB750034EA59 /* GoogleService-Info.plist */; };
		3A3774C723884E0D0034EA59 /* FirebaseAuthService.swift in Sources */ = {isa = PBXBuildFile; fileRef = 3A3774C623884E0D0034EA59 /* FirebaseAuthService.swift */; };
		3A3774C923884E6D0034EA59 /* FirestoreService.swift in Sources */ = {isa = PBXBuildFile; fileRef = 3A3774C823884E6D0034EA59 /* FirestoreService.swift */; };
		3A3774CB23884E880034EA59 /* FirebaseStorageService.swift in Sources */ = {isa = PBXBuildFile; fileRef = 3A3774CA23884E880034EA59 /* FirebaseStorageService.swift */; };
		3A3774D023884F760034EA59 /* AppUser.swift in Sources */ = {isa = PBXBuildFile; fileRef = 3A3774CF23884F760034EA59 /* AppUser.swift */; };
		3A3774D223884F770034EA59 /* Comment.swift in Sources */ = {isa = PBXBuildFile; fileRef = 3A3774D123884F770034EA59 /* Comment.swift */; };
		3A3774D423884F7B0034EA59 /* Post.swift in Sources */ = {isa = PBXBuildFile; fileRef = 3A3774D323884F7B0034EA59 /* Post.swift */; };
		3A3774D8238850E50034EA59 /* LoginViewController.swift in Sources */ = {isa = PBXBuildFile; fileRef = 3A3774D7238850E50034EA59 /* LoginViewController.swift */; };
		3A3774DA238850F00034EA59 /* SignUpViewController.swift in Sources */ = {isa = PBXBuildFile; fileRef = 3A3774D9238850F00034EA59 /* SignUpViewController.swift */; };
		3A3774DD238851690034EA59 /* String + Validations.swift in Sources */ = {isa = PBXBuildFile; fileRef = 3A3774DC238851690034EA59 /* String + Validations.swift */; };
		3A3774E1238852110034EA59 /* MainTabBarViewController.swift in Sources */ = {isa = PBXBuildFile; fileRef = 3A3774E0238852110034EA59 /* MainTabBarViewController.swift */; };
		3A3774E4238852FE0034EA59 /* ProfileViewController.swift in Sources */ = {isa = PBXBuildFile; fileRef = 3A3774E3238852FE0034EA59 /* ProfileViewController.swift */; };
		3A3774E62388531D0034EA59 /* FeedViewController.swift in Sources */ = {isa = PBXBuildFile; fileRef = 3A3774E52388531D0034EA59 /* FeedViewController.swift */; };
		3A3774E8238853B70034EA59 /* UploadViewController.swift in Sources */ = {isa = PBXBuildFile; fileRef = 3A3774E7238853B70034EA59 /* UploadViewController.swift */; };
		3A3774EB23886FDC0034EA59 /* Billabong.ttf in Resources */ = {isa = PBXBuildFile; fileRef = 3A3774EA23886E8C0034EA59 /* Billabong.ttf */; };
		3A3774ED238871D00034EA59 /* ProfileEditViewController.swift in Sources */ = {isa = PBXBuildFile; fileRef = 3A3774EC238871D00034EA59 /* ProfileEditViewController.swift */; };
		3AF363052389BC70006717C0 /* PostCell.swift in Sources */ = {isa = PBXBuildFile; fileRef = 3AF363042389BC70006717C0 /* PostCell.swift */; };
		E47ABBC3BE4215E27EE18ED2 /* Pods_instagramCloneTests.framework in Frameworks */ = {isa = PBXBuildFile; fileRef = 387AE922004F608AE61B6ABA /* Pods_instagramCloneTests.framework */; };
/* End PBXBuildFile section */

/* Begin PBXContainerItemProxy section */
		3A3774A02385EB2A0034EA59 /* PBXContainerItemProxy */ = {
			isa = PBXContainerItemProxy;
			containerPortal = 3A3774812385EB260034EA59 /* Project object */;
			proxyType = 1;
			remoteGlobalIDString = 3A3774882385EB260034EA59;
			remoteInfo = instagramClone;
		};
		3A3774AB2385EB2A0034EA59 /* PBXContainerItemProxy */ = {
			isa = PBXContainerItemProxy;
			containerPortal = 3A3774812385EB260034EA59 /* Project object */;
			proxyType = 1;
			remoteGlobalIDString = 3A3774882385EB260034EA59;
			remoteInfo = instagramClone;
		};
/* End PBXContainerItemProxy section */

/* Begin PBXFileReference section */
		151EF6A0E986C739B9061720 /* Pods-instagramClone.debug.xcconfig */ = {isa = PBXFileReference; includeInIndex = 1; lastKnownFileType = text.xcconfig; name = "Pods-instagramClone.debug.xcconfig"; path = "Target Support Files/Pods-instagramClone/Pods-instagramClone.debug.xcconfig"; sourceTree = "<group>"; };
		1703824556374D10682DB087 /* Pods-instagramCloneTests.release.xcconfig */ = {isa = PBXFileReference; includeInIndex = 1; lastKnownFileType = text.xcconfig; name = "Pods-instagramCloneTests.release.xcconfig"; path = "Target Support Files/Pods-instagramCloneTests/Pods-instagramCloneTests.release.xcconfig"; sourceTree = "<group>"; };
		2C190AB00E227EDA68B79380 /* Pods-instagramCloneTests.debug.xcconfig */ = {isa = PBXFileReference; includeInIndex = 1; lastKnownFileType = text.xcconfig; name = "Pods-instagramCloneTests.debug.xcconfig"; path = "Target Support Files/Pods-instagramCloneTests/Pods-instagramCloneTests.debug.xcconfig"; sourceTree = "<group>"; };
		34780B93FD850AB6216D5C47 /* Pods-instagramClone-instagramCloneUITests.debug.xcconfig */ = {isa = PBXFileReference; includeInIndex = 1; lastKnownFileType = text.xcconfig; name = "Pods-instagramClone-instagramCloneUITests.debug.xcconfig"; path = "Target Support Files/Pods-instagramClone-instagramCloneUITests/Pods-instagramClone-instagramCloneUITests.debug.xcconfig"; sourceTree = "<group>"; };
		387AE922004F608AE61B6ABA /* Pods_instagramCloneTests.framework */ = {isa = PBXFileReference; explicitFileType = wrapper.framework; includeInIndex = 0; path = Pods_instagramCloneTests.framework; sourceTree = BUILT_PRODUCTS_DIR; };
		3A3774892385EB260034EA59 /* instagramClone.app */ = {isa = PBXFileReference; explicitFileType = wrapper.application; includeInIndex = 0; path = instagramClone.app; sourceTree = BUILT_PRODUCTS_DIR; };
		3A37748C2385EB260034EA59 /* AppDelegate.swift */ = {isa = PBXFileReference; lastKnownFileType = sourcecode.swift; path = AppDelegate.swift; sourceTree = "<group>"; };
		3A37748E2385EB260034EA59 /* SceneDelegate.swift */ = {isa = PBXFileReference; lastKnownFileType = sourcecode.swift; path = SceneDelegate.swift; sourceTree = "<group>"; };
		3A3774902385EB260034EA59 /* ViewController.swift */ = {isa = PBXFileReference; lastKnownFileType = sourcecode.swift; path = ViewController.swift; sourceTree = "<group>"; };
		3A3774932385EB260034EA59 /* Base */ = {isa = PBXFileReference; lastKnownFileType = file.storyboard; name = Base; path = Base.lproj/Main.storyboard; sourceTree = "<group>"; };
		3A3774952385EB290034EA59 /* Assets.xcassets */ = {isa = PBXFileReference; lastKnownFileType = folder.assetcatalog; path = Assets.xcassets; sourceTree = "<group>"; };
		3A3774982385EB290034EA59 /* Base */ = {isa = PBXFileReference; lastKnownFileType = file.storyboard; name = Base; path = Base.lproj/LaunchScreen.storyboard; sourceTree = "<group>"; };
		3A37749A2385EB290034EA59 /* Info.plist */ = {isa = PBXFileReference; lastKnownFileType = text.plist.xml; path = Info.plist; sourceTree = "<group>"; };
		3A37749F2385EB2A0034EA59 /* instagramCloneTests.xctest */ = {isa = PBXFileReference; explicitFileType = wrapper.cfbundle; includeInIndex = 0; path = instagramCloneTests.xctest; sourceTree = BUILT_PRODUCTS_DIR; };
		3A3774A32385EB2A0034EA59 /* instagramCloneTests.swift */ = {isa = PBXFileReference; lastKnownFileType = sourcecode.swift; path = instagramCloneTests.swift; sourceTree = "<group>"; };
		3A3774A52385EB2A0034EA59 /* Info.plist */ = {isa = PBXFileReference; lastKnownFileType = text.plist.xml; path = Info.plist; sourceTree = "<group>"; };
		3A3774AA2385EB2A0034EA59 /* instagramCloneUITests.xctest */ = {isa = PBXFileReference; explicitFileType = wrapper.cfbundle; includeInIndex = 0; path = instagramCloneUITests.xctest; sourceTree = BUILT_PRODUCTS_DIR; };
		3A3774AE2385EB2A0034EA59 /* instagramCloneUITests.swift */ = {isa = PBXFileReference; lastKnownFileType = sourcecode.swift; path = instagramCloneUITests.swift; sourceTree = "<group>"; };
		3A3774B02385EB2A0034EA59 /* Info.plist */ = {isa = PBXFileReference; lastKnownFileType = text.plist.xml; path = Info.plist; sourceTree = "<group>"; };
		3A3774BC2385EB750034EA59 /* GoogleService-Info.plist */ = {isa = PBXFileReference; fileEncoding = 4; lastKnownFileType = text.plist.xml; path = "GoogleService-Info.plist"; sourceTree = "<group>"; };
		3A3774C623884E0D0034EA59 /* FirebaseAuthService.swift */ = {isa = PBXFileReference; lastKnownFileType = sourcecode.swift; path = FirebaseAuthService.swift; sourceTree = "<group>"; };
		3A3774C823884E6D0034EA59 /* FirestoreService.swift */ = {isa = PBXFileReference; lastKnownFileType = sourcecode.swift; path = FirestoreService.swift; sourceTree = "<group>"; };
		3A3774CA23884E880034EA59 /* FirebaseStorageService.swift */ = {isa = PBXFileReference; lastKnownFileType = sourcecode.swift; path = FirebaseStorageService.swift; sourceTree = "<group>"; };
		3A3774CF23884F760034EA59 /* AppUser.swift */ = {isa = PBXFileReference; fileEncoding = 4; lastKnownFileType = sourcecode.swift; path = AppUser.swift; sourceTree = "<group>"; };
		3A3774D123884F770034EA59 /* Comment.swift */ = {isa = PBXFileReference; lastKnownFileType = sourcecode.swift; path = Comment.swift; sourceTree = "<group>"; };
		3A3774D323884F7B0034EA59 /* Post.swift */ = {isa = PBXFileReference; lastKnownFileType = sourcecode.swift; path = Post.swift; sourceTree = "<group>"; };
		3A3774D7238850E50034EA59 /* LoginViewController.swift */ = {isa = PBXFileReference; lastKnownFileType = sourcecode.swift; path = LoginViewController.swift; sourceTree = "<group>"; };
		3A3774D9238850F00034EA59 /* SignUpViewController.swift */ = {isa = PBXFileReference; lastKnownFileType = sourcecode.swift; path = SignUpViewController.swift; sourceTree = "<group>"; };
		3A3774DC238851690034EA59 /* String + Validations.swift */ = {isa = PBXFileReference; lastKnownFileType = sourcecode.swift; path = "String + Validations.swift"; sourceTree = "<group>"; };
		3A3774E0238852110034EA59 /* MainTabBarViewController.swift */ = {isa = PBXFileReference; lastKnownFileType = sourcecode.swift; path = MainTabBarViewController.swift; sourceTree = "<group>"; };
		3A3774E3238852FE0034EA59 /* ProfileViewController.swift */ = {isa = PBXFileReference; lastKnownFileType = sourcecode.swift; path = ProfileViewController.swift; sourceTree = "<group>"; };
		3A3774E52388531D0034EA59 /* FeedViewController.swift */ = {isa = PBXFileReference; lastKnownFileType = sourcecode.swift; path = FeedViewController.swift; sourceTree = "<group>"; };
		3A3774E7238853B70034EA59 /* UploadViewController.swift */ = {isa = PBXFileReference; lastKnownFileType = sourcecode.swift; path = UploadViewController.swift; sourceTree = "<group>"; };
		3A3774EA23886E8C0034EA59 /* Billabong.ttf */ = {isa = PBXFileReference; lastKnownFileType = file; path = Billabong.ttf; sourceTree = "<group>"; };
		3A3774EC238871D00034EA59 /* ProfileEditViewController.swift */ = {isa = PBXFileReference; lastKnownFileType = sourcecode.swift; path = ProfileEditViewController.swift; sourceTree = "<group>"; };
		3AF363042389BC70006717C0 /* PostCell.swift */ = {isa = PBXFileReference; lastKnownFileType = sourcecode.swift; path = PostCell.swift; sourceTree = "<group>"; };
		3F99C333C61C307A66C98CD5 /* Pods_instagramClone.framework */ = {isa = PBXFileReference; explicitFileType = wrapper.framework; includeInIndex = 0; path = Pods_instagramClone.framework; sourceTree = BUILT_PRODUCTS_DIR; };
		431CA726C9F2DE8F0562CD3C /* Pods-instagramClone.release.xcconfig */ = {isa = PBXFileReference; includeInIndex = 1; lastKnownFileType = text.xcconfig; name = "Pods-instagramClone.release.xcconfig"; path = "Target Support Files/Pods-instagramClone/Pods-instagramClone.release.xcconfig"; sourceTree = "<group>"; };
		46D7845BB4947603DA5F1414 /* Pods-instagramClone-instagramCloneUITests.release.xcconfig */ = {isa = PBXFileReference; includeInIndex = 1; lastKnownFileType = text.xcconfig; name = "Pods-instagramClone-instagramCloneUITests.release.xcconfig"; path = "Target Support Files/Pods-instagramClone-instagramCloneUITests/Pods-instagramClone-instagramCloneUITests.release.xcconfig"; sourceTree = "<group>"; };
		AA3E555D9DC8F552A85CD42A /* Pods_instagramClone_instagramCloneUITests.framework */ = {isa = PBXFileReference; explicitFileType = wrapper.framework; includeInIndex = 0; path = Pods_instagramClone_instagramCloneUITests.framework; sourceTree = BUILT_PRODUCTS_DIR; };
/* End PBXFileReference section */

/* Begin PBXFrameworksBuildPhase section */
		3A3774862385EB260034EA59 /* Frameworks */ = {
			isa = PBXFrameworksBuildPhase;
			buildActionMask = 2147483647;
			files = (
				2047C713D4B3388581C96938 /* Pods_instagramClone.framework in Frameworks */,
			);
			runOnlyForDeploymentPostprocessing = 0;
		};
		3A37749C2385EB2A0034EA59 /* Frameworks */ = {
			isa = PBXFrameworksBuildPhase;
			buildActionMask = 2147483647;
			files = (
				E47ABBC3BE4215E27EE18ED2 /* Pods_instagramCloneTests.framework in Frameworks */,
			);
			runOnlyForDeploymentPostprocessing = 0;
		};
		3A3774A72385EB2A0034EA59 /* Frameworks */ = {
			isa = PBXFrameworksBuildPhase;
			buildActionMask = 2147483647;
			files = (
				0F7BFE46BE895F55A1461D98 /* Pods_instagramClone_instagramCloneUITests.framework in Frameworks */,
			);
			runOnlyForDeploymentPostprocessing = 0;
		};
/* End PBXFrameworksBuildPhase section */

/* Begin PBXGroup section */
		3737C2031E77625E1709CC9D /* Frameworks */ = {
			isa = PBXGroup;
			children = (
				3F99C333C61C307A66C98CD5 /* Pods_instagramClone.framework */,
				AA3E555D9DC8F552A85CD42A /* Pods_instagramClone_instagramCloneUITests.framework */,
				387AE922004F608AE61B6ABA /* Pods_instagramCloneTests.framework */,
			);
			name = Frameworks;
			sourceTree = "<group>";
		};
		3A3774802385EB260034EA59 = {
			isa = PBXGroup;
			children = (
				3A37748B2385EB260034EA59 /* instagramClone */,
				3A3774A22385EB2A0034EA59 /* instagramCloneTests */,
				3A3774AD2385EB2A0034EA59 /* instagramCloneUITests */,
				3A37748A2385EB260034EA59 /* Products */,
				9E6ECE8761346E93B7A7B1B6 /* Pods */,
				3737C2031E77625E1709CC9D /* Frameworks */,
			);
			sourceTree = "<group>";
		};
		3A37748A2385EB260034EA59 /* Products */ = {
			isa = PBXGroup;
			children = (
				3A3774892385EB260034EA59 /* instagramClone.app */,
				3A37749F2385EB2A0034EA59 /* instagramCloneTests.xctest */,
				3A3774AA2385EB2A0034EA59 /* instagramCloneUITests.xctest */,
			);
			name = Products;
			sourceTree = "<group>";
		};
		3A37748B2385EB260034EA59 /* instagramClone */ = {
			isa = PBXGroup;
			children = (
				3A3774D52388505E0034EA59 /* View Controllers */,
				3A3774CE23884F6C0034EA59 /* Models */,
				3A3774DF238851A70034EA59 /* Utilities */,
				3A37748C2385EB260034EA59 /* AppDelegate.swift */,
				3A37748E2385EB260034EA59 /* SceneDelegate.swift */,
				3A3774902385EB260034EA59 /* ViewController.swift */,
				3A3774922385EB260034EA59 /* Main.storyboard */,
				3A3774952385EB290034EA59 /* Assets.xcassets */,
				3A3774972385EB290034EA59 /* LaunchScreen.storyboard */,
				3A37749A2385EB290034EA59 /* Info.plist */,
				3A3774BC2385EB750034EA59 /* GoogleService-Info.plist */,
			);
			path = instagramClone;
			sourceTree = "<group>";
		};
		3A3774A22385EB2A0034EA59 /* instagramCloneTests */ = {
			isa = PBXGroup;
			children = (
				3A3774A32385EB2A0034EA59 /* instagramCloneTests.swift */,
				3A3774A52385EB2A0034EA59 /* Info.plist */,
			);
			path = instagramCloneTests;
			sourceTree = "<group>";
		};
		3A3774AD2385EB2A0034EA59 /* instagramCloneUITests */ = {
			isa = PBXGroup;
			children = (
				3A3774AE2385EB2A0034EA59 /* instagramCloneUITests.swift */,
				3A3774B02385EB2A0034EA59 /* Info.plist */,
			);
			path = instagramCloneUITests;
			sourceTree = "<group>";
		};
		3A3774C523884DDC0034EA59 /* Firebase */ = {
			isa = PBXGroup;
			children = (
				3A3774C623884E0D0034EA59 /* FirebaseAuthService.swift */,
				3A3774C823884E6D0034EA59 /* FirestoreService.swift */,
				3A3774CA23884E880034EA59 /* FirebaseStorageService.swift */,
			);
			path = Firebase;
			sourceTree = "<group>";
		};
		3A3774CE23884F6C0034EA59 /* Models */ = {
			isa = PBXGroup;
			children = (
				3A3774CF23884F760034EA59 /* AppUser.swift */,
				3A3774D123884F770034EA59 /* Comment.swift */,
				3A3774D323884F7B0034EA59 /* Post.swift */,
			);
			path = Models;
			sourceTree = "<group>";
		};
		3A3774D52388505E0034EA59 /* View Controllers */ = {
			isa = PBXGroup;
			children = (
				3A3774E0238852110034EA59 /* MainTabBarViewController.swift */,
				3A3774D6238850700034EA59 /* Authentication */,
				3A3774E2238852D50034EA59 /* User */,
			);
			path = "View Controllers";
			sourceTree = "<group>";
		};
		3A3774D6238850700034EA59 /* Authentication */ = {
			isa = PBXGroup;
			children = (
				3A3774D7238850E50034EA59 /* LoginViewController.swift */,
				3A3774D9238850F00034EA59 /* SignUpViewController.swift */,
			);
			path = Authentication;
			sourceTree = "<group>";
		};
		3A3774DB238851520034EA59 /* Extensions */ = {
			isa = PBXGroup;
			children = (
				3A3774DC238851690034EA59 /* String + Validations.swift */,
			);
			path = Extensions;
			sourceTree = "<group>";
		};
		3A3774DF238851A70034EA59 /* Utilities */ = {
			isa = PBXGroup;
			children = (
				3A3774E923886E2F0034EA59 /* Fonts */,
				3A3774C523884DDC0034EA59 /* Firebase */,
				3A3774DB238851520034EA59 /* Extensions */,
			);
			path = Utilities;
			sourceTree = "<group>";
		};
		3A3774E2238852D50034EA59 /* User */ = {
			isa = PBXGroup;
			children = (
				3A3774E3238852FE0034EA59 /* ProfileViewController.swift */,
				3A3774EC238871D00034EA59 /* ProfileEditViewController.swift */,
				3A3774E52388531D0034EA59 /* FeedViewController.swift */,
				3A3774E7238853B70034EA59 /* UploadViewController.swift */,
				3AF363032389BC51006717C0 /* Views */,
			);
			path = User;
			sourceTree = "<group>";
		};
		3A3774E923886E2F0034EA59 /* Fonts */ = {
			isa = PBXGroup;
			children = (
				3A3774EA23886E8C0034EA59 /* Billabong.ttf */,
			);
			path = Fonts;
			sourceTree = "<group>";
		};
		3AF363032389BC51006717C0 /* Views */ = {
			isa = PBXGroup;
			children = (
				3AF363042389BC70006717C0 /* PostCell.swift */,
			);
			path = Views;
			sourceTree = "<group>";
		};
		9E6ECE8761346E93B7A7B1B6 /* Pods */ = {
			isa = PBXGroup;
			children = (
				151EF6A0E986C739B9061720 /* Pods-instagramClone.debug.xcconfig */,
				431CA726C9F2DE8F0562CD3C /* Pods-instagramClone.release.xcconfig */,
				34780B93FD850AB6216D5C47 /* Pods-instagramClone-instagramCloneUITests.debug.xcconfig */,
				46D7845BB4947603DA5F1414 /* Pods-instagramClone-instagramCloneUITests.release.xcconfig */,
				2C190AB00E227EDA68B79380 /* Pods-instagramCloneTests.debug.xcconfig */,
				1703824556374D10682DB087 /* Pods-instagramCloneTests.release.xcconfig */,
			);
			path = Pods;
			sourceTree = "<group>";
		};
/* End PBXGroup section */

/* Begin PBXNativeTarget section */
		3A3774882385EB260034EA59 /* instagramClone */ = {
			isa = PBXNativeTarget;
			buildConfigurationList = 3A3774B32385EB2A0034EA59 /* Build configuration list for PBXNativeTarget "instagramClone" */;
			buildPhases = (
				8FC01DBC6361DAE24E95606E /* [CP] Check Pods Manifest.lock */,
				3A3774852385EB260034EA59 /* Sources */,
				3A3774862385EB260034EA59 /* Frameworks */,
				3A3774872385EB260034EA59 /* Resources */,
				39FF5D8DEFDE60208DB0BEAA /* [CP] Embed Pods Frameworks */,
			);
			buildRules = (
			);
			dependencies = (
			);
			name = instagramClone;
			productName = instagramClone;
			productReference = 3A3774892385EB260034EA59 /* instagramClone.app */;
			productType = "com.apple.product-type.application";
		};
		3A37749E2385EB2A0034EA59 /* instagramCloneTests */ = {
			isa = PBXNativeTarget;
			buildConfigurationList = 3A3774B62385EB2A0034EA59 /* Build configuration list for PBXNativeTarget "instagramCloneTests" */;
			buildPhases = (
				CA9F1E82FDF268141589B93E /* [CP] Check Pods Manifest.lock */,
				3A37749B2385EB2A0034EA59 /* Sources */,
				3A37749C2385EB2A0034EA59 /* Frameworks */,
				3A37749D2385EB2A0034EA59 /* Resources */,
			);
			buildRules = (
			);
			dependencies = (
				3A3774A12385EB2A0034EA59 /* PBXTargetDependency */,
			);
			name = instagramCloneTests;
			productName = instagramCloneTests;
			productReference = 3A37749F2385EB2A0034EA59 /* instagramCloneTests.xctest */;
			productType = "com.apple.product-type.bundle.unit-test";
		};
		3A3774A92385EB2A0034EA59 /* instagramCloneUITests */ = {
			isa = PBXNativeTarget;
			buildConfigurationList = 3A3774B92385EB2A0034EA59 /* Build configuration list for PBXNativeTarget "instagramCloneUITests" */;
			buildPhases = (
				730A6309E1CA6997405E7E2F /* [CP] Check Pods Manifest.lock */,
				3A3774A62385EB2A0034EA59 /* Sources */,
				3A3774A72385EB2A0034EA59 /* Frameworks */,
				3A3774A82385EB2A0034EA59 /* Resources */,
				BD0B6E832DDCBA6F11B5F51F /* [CP] Embed Pods Frameworks */,
			);
			buildRules = (
			);
			dependencies = (
				3A3774AC2385EB2A0034EA59 /* PBXTargetDependency */,
			);
			name = instagramCloneUITests;
			productName = instagramCloneUITests;
			productReference = 3A3774AA2385EB2A0034EA59 /* instagramCloneUITests.xctest */;
			productType = "com.apple.product-type.bundle.ui-testing";
		};
/* End PBXNativeTarget section */

/* Begin PBXProject section */
		3A3774812385EB260034EA59 /* Project object */ = {
			isa = PBXProject;
			attributes = {
				LastSwiftUpdateCheck = 1110;
				LastUpgradeCheck = 1110;
				ORGANIZATIONNAME = "Sam Roman";
				TargetAttributes = {
					3A3774882385EB260034EA59 = {
						CreatedOnToolsVersion = 11.1;
					};
					3A37749E2385EB2A0034EA59 = {
						CreatedOnToolsVersion = 11.1;
						TestTargetID = 3A3774882385EB260034EA59;
					};
					3A3774A92385EB2A0034EA59 = {
						CreatedOnToolsVersion = 11.1;
						TestTargetID = 3A3774882385EB260034EA59;
					};
				};
			};
			buildConfigurationList = 3A3774842385EB260034EA59 /* Build configuration list for PBXProject "instagramClone" */;
			compatibilityVersion = "Xcode 9.3";
			developmentRegion = en;
			hasScannedForEncodings = 0;
			knownRegions = (
				en,
				Base,
			);
			mainGroup = 3A3774802385EB260034EA59;
			productRefGroup = 3A37748A2385EB260034EA59 /* Products */;
			projectDirPath = "";
			projectRoot = "";
			targets = (
				3A3774882385EB260034EA59 /* instagramClone */,
				3A37749E2385EB2A0034EA59 /* instagramCloneTests */,
				3A3774A92385EB2A0034EA59 /* instagramCloneUITests */,
			);
		};
/* End PBXProject section */

/* Begin PBXResourcesBuildPhase section */
		3A3774872385EB260034EA59 /* Resources */ = {
			isa = PBXResourcesBuildPhase;
			buildActionMask = 2147483647;
			files = (
				3A3774992385EB290034EA59 /* LaunchScreen.storyboard in Resources */,
				3A3774BD2385EB760034EA59 /* GoogleService-Info.plist in Resources */,
				3A3774962385EB290034EA59 /* Assets.xcassets in Resources */,
				3A3774EB23886FDC0034EA59 /* Billabong.ttf in Resources */,
				3A3774942385EB260034EA59 /* Main.storyboard in Resources */,
			);
			runOnlyForDeploymentPostprocessing = 0;
		};
		3A37749D2385EB2A0034EA59 /* Resources */ = {
			isa = PBXResourcesBuildPhase;
			buildActionMask = 2147483647;
			files = (
			);
			runOnlyForDeploymentPostprocessing = 0;
		};
		3A3774A82385EB2A0034EA59 /* Resources */ = {
			isa = PBXResourcesBuildPhase;
			buildActionMask = 2147483647;
			files = (
			);
			runOnlyForDeploymentPostprocessing = 0;
		};
/* End PBXResourcesBuildPhase section */

/* Begin PBXShellScriptBuildPhase section */
		39FF5D8DEFDE60208DB0BEAA /* [CP] Embed Pods Frameworks */ = {
			isa = PBXShellScriptBuildPhase;
			buildActionMask = 2147483647;
			files = (
			);
			inputFileListPaths = (
				"${PODS_ROOT}/Target Support Files/Pods-instagramClone/Pods-instagramClone-frameworks-${CONFIGURATION}-input-files.xcfilelist",
			);
			name = "[CP] Embed Pods Frameworks";
			outputFileListPaths = (
				"${PODS_ROOT}/Target Support Files/Pods-instagramClone/Pods-instagramClone-frameworks-${CONFIGURATION}-output-files.xcfilelist",
			);
			runOnlyForDeploymentPostprocessing = 0;
			shellPath = /bin/sh;
			shellScript = "\"${PODS_ROOT}/Target Support Files/Pods-instagramClone/Pods-instagramClone-frameworks.sh\"\n";
			showEnvVarsInLog = 0;
		};
		730A6309E1CA6997405E7E2F /* [CP] Check Pods Manifest.lock */ = {
			isa = PBXShellScriptBuildPhase;
			buildActionMask = 2147483647;
			files = (
			);
			inputFileListPaths = (
			);
			inputPaths = (
				"${PODS_PODFILE_DIR_PATH}/Podfile.lock",
				"${PODS_ROOT}/Manifest.lock",
			);
			name = "[CP] Check Pods Manifest.lock";
			outputFileListPaths = (
			);
			outputPaths = (
				"$(DERIVED_FILE_DIR)/Pods-instagramClone-instagramCloneUITests-checkManifestLockResult.txt",
			);
			runOnlyForDeploymentPostprocessing = 0;
			shellPath = /bin/sh;
			shellScript = "diff \"${PODS_PODFILE_DIR_PATH}/Podfile.lock\" \"${PODS_ROOT}/Manifest.lock\" > /dev/null\nif [ $? != 0 ] ; then\n    # print error to STDERR\n    echo \"error: The sandbox is not in sync with the Podfile.lock. Run 'pod install' or update your CocoaPods installation.\" >&2\n    exit 1\nfi\n# This output is used by Xcode 'outputs' to avoid re-running this script phase.\necho \"SUCCESS\" > \"${SCRIPT_OUTPUT_FILE_0}\"\n";
			showEnvVarsInLog = 0;
		};
		8FC01DBC6361DAE24E95606E /* [CP] Check Pods Manifest.lock */ = {
			isa = PBXShellScriptBuildPhase;
			buildActionMask = 2147483647;
			files = (
			);
			inputFileListPaths = (
			);
			inputPaths = (
				"${PODS_PODFILE_DIR_PATH}/Podfile.lock",
				"${PODS_ROOT}/Manifest.lock",
			);
			name = "[CP] Check Pods Manifest.lock";
			outputFileListPaths = (
			);
			outputPaths = (
				"$(DERIVED_FILE_DIR)/Pods-instagramClone-checkManifestLockResult.txt",
			);
			runOnlyForDeploymentPostprocessing = 0;
			shellPath = /bin/sh;
			shellScript = "diff \"${PODS_PODFILE_DIR_PATH}/Podfile.lock\" \"${PODS_ROOT}/Manifest.lock\" > /dev/null\nif [ $? != 0 ] ; then\n    # print error to STDERR\n    echo \"error: The sandbox is not in sync with the Podfile.lock. Run 'pod install' or update your CocoaPods installation.\" >&2\n    exit 1\nfi\n# This output is used by Xcode 'outputs' to avoid re-running this script phase.\necho \"SUCCESS\" > \"${SCRIPT_OUTPUT_FILE_0}\"\n";
			showEnvVarsInLog = 0;
		};
		BD0B6E832DDCBA6F11B5F51F /* [CP] Embed Pods Frameworks */ = {
			isa = PBXShellScriptBuildPhase;
			buildActionMask = 2147483647;
			files = (
			);
			inputFileListPaths = (
				"${PODS_ROOT}/Target Support Files/Pods-instagramClone-instagramCloneUITests/Pods-instagramClone-instagramCloneUITests-frameworks-${CONFIGURATION}-input-files.xcfilelist",
			);
			name = "[CP] Embed Pods Frameworks";
			outputFileListPaths = (
				"${PODS_ROOT}/Target Support Files/Pods-instagramClone-instagramCloneUITests/Pods-instagramClone-instagramCloneUITests-frameworks-${CONFIGURATION}-output-files.xcfilelist",
			);
			runOnlyForDeploymentPostprocessing = 0;
			shellPath = /bin/sh;
			shellScript = "\"${PODS_ROOT}/Target Support Files/Pods-instagramClone-instagramCloneUITests/Pods-instagramClone-instagramCloneUITests-frameworks.sh\"\n";
			showEnvVarsInLog = 0;
		};
		CA9F1E82FDF268141589B93E /* [CP] Check Pods Manifest.lock */ = {
			isa = PBXShellScriptBuildPhase;
			buildActionMask = 2147483647;
			files = (
			);
			inputFileListPaths = (
			);
			inputPaths = (
				"${PODS_PODFILE_DIR_PATH}/Podfile.lock",
				"${PODS_ROOT}/Manifest.lock",
			);
			name = "[CP] Check Pods Manifest.lock";
			outputFileListPaths = (
			);
			outputPaths = (
				"$(DERIVED_FILE_DIR)/Pods-instagramCloneTests-checkManifestLockResult.txt",
			);
			runOnlyForDeploymentPostprocessing = 0;
			shellPath = /bin/sh;
			shellScript = "diff \"${PODS_PODFILE_DIR_PATH}/Podfile.lock\" \"${PODS_ROOT}/Manifest.lock\" > /dev/null\nif [ $? != 0 ] ; then\n    # print error to STDERR\n    echo \"error: The sandbox is not in sync with the Podfile.lock. Run 'pod install' or update your CocoaPods installation.\" >&2\n    exit 1\nfi\n# This output is used by Xcode 'outputs' to avoid re-running this script phase.\necho \"SUCCESS\" > \"${SCRIPT_OUTPUT_FILE_0}\"\n";
			showEnvVarsInLog = 0;
		};
/* End PBXShellScriptBuildPhase section */

/* Begin PBXSourcesBuildPhase section */
		3A3774852385EB260034EA59 /* Sources */ = {
			isa = PBXSourcesBuildPhase;
			buildActionMask = 2147483647;
			files = (
				3A3774DA238850F00034EA59 /* SignUpViewController.swift in Sources */,
				3A3774D023884F760034EA59 /* AppUser.swift in Sources */,
				3A3774C723884E0D0034EA59 /* FirebaseAuthService.swift in Sources */,
				3A3774C923884E6D0034EA59 /* FirestoreService.swift in Sources */,
				3AF363052389BC70006717C0 /* PostCell.swift in Sources */,
				3A3774E4238852FE0034EA59 /* ProfileViewController.swift in Sources */,
				3A3774D223884F770034EA59 /* Comment.swift in Sources */,
				3A3774DD238851690034EA59 /* String + Validations.swift in Sources */,
				3A3774E62388531D0034EA59 /* FeedViewController.swift in Sources */,
				3A3774912385EB260034EA59 /* ViewController.swift in Sources */,
				3A3774E8238853B70034EA59 /* UploadViewController.swift in Sources */,
				3A3774E1238852110034EA59 /* MainTabBarViewController.swift in Sources */,
				3A3774ED238871D00034EA59 /* ProfileEditViewController.swift in Sources */,
				3A37748D2385EB260034EA59 /* AppDelegate.swift in Sources */,
				3A3774D423884F7B0034EA59 /* Post.swift in Sources */,
				3A3774CB23884E880034EA59 /* FirebaseStorageService.swift in Sources */,
				3A3774D8238850E50034EA59 /* LoginViewController.swift in Sources */,
				3A37748F2385EB260034EA59 /* SceneDelegate.swift in Sources */,
			);
			runOnlyForDeploymentPostprocessing = 0;
		};
		3A37749B2385EB2A0034EA59 /* Sources */ = {
			isa = PBXSourcesBuildPhase;
			buildActionMask = 2147483647;
			files = (
				3A3774A42385EB2A0034EA59 /* instagramCloneTests.swift in Sources */,
			);
			runOnlyForDeploymentPostprocessing = 0;
		};
		3A3774A62385EB2A0034EA59 /* Sources */ = {
			isa = PBXSourcesBuildPhase;
			buildActionMask = 2147483647;
			files = (
				3A3774AF2385EB2A0034EA59 /* instagramCloneUITests.swift in Sources */,
			);
			runOnlyForDeploymentPostprocessing = 0;
		};
/* End PBXSourcesBuildPhase section */

/* Begin PBXTargetDependency section */
		3A3774A12385EB2A0034EA59 /* PBXTargetDependency */ = {
			isa = PBXTargetDependency;
			target = 3A3774882385EB260034EA59 /* instagramClone */;
			targetProxy = 3A3774A02385EB2A0034EA59 /* PBXContainerItemProxy */;
		};
		3A3774AC2385EB2A0034EA59 /* PBXTargetDependency */ = {
			isa = PBXTargetDependency;
			target = 3A3774882385EB260034EA59 /* instagramClone */;
			targetProxy = 3A3774AB2385EB2A0034EA59 /* PBXContainerItemProxy */;
		};
/* End PBXTargetDependency section */

/* Begin PBXVariantGroup section */
		3A3774922385EB260034EA59 /* Main.storyboard */ = {
			isa = PBXVariantGroup;
			children = (
				3A3774932385EB260034EA59 /* Base */,
			);
			name = Main.storyboard;
			sourceTree = "<group>";
		};
		3A3774972385EB290034EA59 /* LaunchScreen.storyboard */ = {
			isa = PBXVariantGroup;
			children = (
				3A3774982385EB290034EA59 /* Base */,
			);
			name = LaunchScreen.storyboard;
			sourceTree = "<group>";
		};
/* End PBXVariantGroup section */

/* Begin XCBuildConfiguration section */
		3A3774B12385EB2A0034EA59 /* Debug */ = {
			isa = XCBuildConfiguration;
			buildSettings = {
				ALWAYS_SEARCH_USER_PATHS = NO;
				CLANG_ANALYZER_NONNULL = YES;
				CLANG_ANALYZER_NUMBER_OBJECT_CONVERSION = YES_AGGRESSIVE;
				CLANG_CXX_LANGUAGE_STANDARD = "gnu++14";
				CLANG_CXX_LIBRARY = "libc++";
				CLANG_ENABLE_MODULES = YES;
				CLANG_ENABLE_OBJC_ARC = YES;
				CLANG_ENABLE_OBJC_WEAK = YES;
				CLANG_WARN_BLOCK_CAPTURE_AUTORELEASING = YES;
				CLANG_WARN_BOOL_CONVERSION = YES;
				CLANG_WARN_COMMA = YES;
				CLANG_WARN_CONSTANT_CONVERSION = YES;
				CLANG_WARN_DEPRECATED_OBJC_IMPLEMENTATIONS = YES;
				CLANG_WARN_DIRECT_OBJC_ISA_USAGE = YES_ERROR;
				CLANG_WARN_DOCUMENTATION_COMMENTS = YES;
				CLANG_WARN_EMPTY_BODY = YES;
				CLANG_WARN_ENUM_CONVERSION = YES;
				CLANG_WARN_INFINITE_RECURSION = YES;
				CLANG_WARN_INT_CONVERSION = YES;
				CLANG_WARN_NON_LITERAL_NULL_CONVERSION = YES;
				CLANG_WARN_OBJC_IMPLICIT_RETAIN_SELF = YES;
				CLANG_WARN_OBJC_LITERAL_CONVERSION = YES;
				CLANG_WARN_OBJC_ROOT_CLASS = YES_ERROR;
				CLANG_WARN_RANGE_LOOP_ANALYSIS = YES;
				CLANG_WARN_STRICT_PROTOTYPES = YES;
				CLANG_WARN_SUSPICIOUS_MOVE = YES;
				CLANG_WARN_UNGUARDED_AVAILABILITY = YES_AGGRESSIVE;
				CLANG_WARN_UNREACHABLE_CODE = YES;
				CLANG_WARN__DUPLICATE_METHOD_MATCH = YES;
				COPY_PHASE_STRIP = NO;
				DEBUG_INFORMATION_FORMAT = dwarf;
				ENABLE_STRICT_OBJC_MSGSEND = YES;
				ENABLE_TESTABILITY = YES;
				GCC_C_LANGUAGE_STANDARD = gnu11;
				GCC_DYNAMIC_NO_PIC = NO;
				GCC_NO_COMMON_BLOCKS = YES;
				GCC_OPTIMIZATION_LEVEL = 0;
				GCC_PREPROCESSOR_DEFINITIONS = (
					"DEBUG=1",
					"$(inherited)",
				);
				GCC_WARN_64_TO_32_BIT_CONVERSION = YES;
				GCC_WARN_ABOUT_RETURN_TYPE = YES_ERROR;
				GCC_WARN_UNDECLARED_SELECTOR = YES;
				GCC_WARN_UNINITIALIZED_AUTOS = YES_AGGRESSIVE;
				GCC_WARN_UNUSED_FUNCTION = YES;
				GCC_WARN_UNUSED_VARIABLE = YES;
				IPHONEOS_DEPLOYMENT_TARGET = 13.1;
				MTL_ENABLE_DEBUG_INFO = INCLUDE_SOURCE;
				MTL_FAST_MATH = YES;
				ONLY_ACTIVE_ARCH = YES;
				SDKROOT = iphoneos;
				SWIFT_ACTIVE_COMPILATION_CONDITIONS = DEBUG;
				SWIFT_OPTIMIZATION_LEVEL = "-Onone";
			};
			name = Debug;
		};
		3A3774B22385EB2A0034EA59 /* Release */ = {
			isa = XCBuildConfiguration;
			buildSettings = {
				ALWAYS_SEARCH_USER_PATHS = NO;
				CLANG_ANALYZER_NONNULL = YES;
				CLANG_ANALYZER_NUMBER_OBJECT_CONVERSION = YES_AGGRESSIVE;
				CLANG_CXX_LANGUAGE_STANDARD = "gnu++14";
				CLANG_CXX_LIBRARY = "libc++";
				CLANG_ENABLE_MODULES = YES;
				CLANG_ENABLE_OBJC_ARC = YES;
				CLANG_ENABLE_OBJC_WEAK = YES;
				CLANG_WARN_BLOCK_CAPTURE_AUTORELEASING = YES;
				CLANG_WARN_BOOL_CONVERSION = YES;
				CLANG_WARN_COMMA = YES;
				CLANG_WARN_CONSTANT_CONVERSION = YES;
				CLANG_WARN_DEPRECATED_OBJC_IMPLEMENTATIONS = YES;
				CLANG_WARN_DIRECT_OBJC_ISA_USAGE = YES_ERROR;
				CLANG_WARN_DOCUMENTATION_COMMENTS = YES;
				CLANG_WARN_EMPTY_BODY = YES;
				CLANG_WARN_ENUM_CONVERSION = YES;
				CLANG_WARN_INFINITE_RECURSION = YES;
				CLANG_WARN_INT_CONVERSION = YES;
				CLANG_WARN_NON_LITERAL_NULL_CONVERSION = YES;
				CLANG_WARN_OBJC_IMPLICIT_RETAIN_SELF = YES;
				CLANG_WARN_OBJC_LITERAL_CONVERSION = YES;
				CLANG_WARN_OBJC_ROOT_CLASS = YES_ERROR;
				CLANG_WARN_RANGE_LOOP_ANALYSIS = YES;
				CLANG_WARN_STRICT_PROTOTYPES = YES;
				CLANG_WARN_SUSPICIOUS_MOVE = YES;
				CLANG_WARN_UNGUARDED_AVAILABILITY = YES_AGGRESSIVE;
				CLANG_WARN_UNREACHABLE_CODE = YES;
				CLANG_WARN__DUPLICATE_METHOD_MATCH = YES;
				COPY_PHASE_STRIP = NO;
				DEBUG_INFORMATION_FORMAT = "dwarf-with-dsym";
				ENABLE_NS_ASSERTIONS = NO;
				ENABLE_STRICT_OBJC_MSGSEND = YES;
				GCC_C_LANGUAGE_STANDARD = gnu11;
				GCC_NO_COMMON_BLOCKS = YES;
				GCC_WARN_64_TO_32_BIT_CONVERSION = YES;
				GCC_WARN_ABOUT_RETURN_TYPE = YES_ERROR;
				GCC_WARN_UNDECLARED_SELECTOR = YES;
				GCC_WARN_UNINITIALIZED_AUTOS = YES_AGGRESSIVE;
				GCC_WARN_UNUSED_FUNCTION = YES;
				GCC_WARN_UNUSED_VARIABLE = YES;
				IPHONEOS_DEPLOYMENT_TARGET = 13.1;
				MTL_ENABLE_DEBUG_INFO = NO;
				MTL_FAST_MATH = YES;
				SDKROOT = iphoneos;
				SWIFT_COMPILATION_MODE = wholemodule;
				SWIFT_OPTIMIZATION_LEVEL = "-O";
				VALIDATE_PRODUCT = YES;
			};
			name = Release;
		};
		3A3774B42385EB2A0034EA59 /* Debug */ = {
			isa = XCBuildConfiguration;
			baseConfigurationReference = 151EF6A0E986C739B9061720 /* Pods-instagramClone.debug.xcconfig */;
			buildSettings = {
				ASSETCATALOG_COMPILER_APPICON_NAME = AppIcon;
				CODE_SIGN_STYLE = Automatic;
				DEVELOPMENT_TEAM = BHJSDBBPS7;
				INFOPLIST_FILE = instagramClone/Info.plist;
				LD_RUNPATH_SEARCH_PATHS = (
					"$(inherited)",
					"@executable_path/Frameworks",
				);
				PRODUCT_BUNDLE_IDENTIFIER = samroman.instagramClone;
				PRODUCT_NAME = "$(TARGET_NAME)";
				SWIFT_VERSION = 5.0;
				TARGETED_DEVICE_FAMILY = "1,2";
			};
			name = Debug;
		};
		3A3774B52385EB2A0034EA59 /* Release */ = {
			isa = XCBuildConfiguration;
			baseConfigurationReference = 431CA726C9F2DE8F0562CD3C /* Pods-instagramClone.release.xcconfig */;
			buildSettings = {
				ASSETCATALOG_COMPILER_APPICON_NAME = AppIcon;
				CODE_SIGN_STYLE = Automatic;
				DEVELOPMENT_TEAM = BHJSDBBPS7;
				INFOPLIST_FILE = instagramClone/Info.plist;
				LD_RUNPATH_SEARCH_PATHS = (
					"$(inherited)",
					"@executable_path/Frameworks",
				);
				PRODUCT_BUNDLE_IDENTIFIER = samroman.instagramClone;
				PRODUCT_NAME = "$(TARGET_NAME)";
				SWIFT_VERSION = 5.0;
				TARGETED_DEVICE_FAMILY = "1,2";
			};
			name = Release;
		};
		3A3774B72385EB2A0034EA59 /* Debug */ = {
			isa = XCBuildConfiguration;
			baseConfigurationReference = 2C190AB00E227EDA68B79380 /* Pods-instagramCloneTests.debug.xcconfig */;
			buildSettings = {
				ALWAYS_EMBED_SWIFT_STANDARD_LIBRARIES = YES;
				BUNDLE_LOADER = "$(TEST_HOST)";
				CODE_SIGN_STYLE = Automatic;
				DEVELOPMENT_TEAM = BHJSDBBPS7;
				INFOPLIST_FILE = instagramCloneTests/Info.plist;
				IPHONEOS_DEPLOYMENT_TARGET = 13.1;
				LD_RUNPATH_SEARCH_PATHS = (
					"$(inherited)",
					"@executable_path/Frameworks",
					"@loader_path/Frameworks",
				);
				PRODUCT_BUNDLE_IDENTIFIER = samroman.instagramCloneTests;
				PRODUCT_NAME = "$(TARGET_NAME)";
				SWIFT_VERSION = 5.0;
				TARGETED_DEVICE_FAMILY = "1,2";
				TEST_HOST = "$(BUILT_PRODUCTS_DIR)/instagramClone.app/instagramClone";
			};
			name = Debug;
		};
		3A3774B82385EB2A0034EA59 /* Release */ = {
			isa = XCBuildConfiguration;
			baseConfigurationReference = 1703824556374D10682DB087 /* Pods-instagramCloneTests.release.xcconfig */;
			buildSettings = {
				ALWAYS_EMBED_SWIFT_STANDARD_LIBRARIES = YES;
				BUNDLE_LOADER = "$(TEST_HOST)";
				CODE_SIGN_STYLE = Automatic;
				DEVELOPMENT_TEAM = BHJSDBBPS7;
				INFOPLIST_FILE = instagramCloneTests/Info.plist;
				IPHONEOS_DEPLOYMENT_TARGET = 13.1;
				LD_RUNPATH_SEARCH_PATHS = (
					"$(inherited)",
					"@executable_path/Frameworks",
					"@loader_path/Frameworks",
				);
				PRODUCT_BUNDLE_IDENTIFIER = samroman.instagramCloneTests;
				PRODUCT_NAME = "$(TARGET_NAME)";
				SWIFT_VERSION = 5.0;
				TARGETED_DEVICE_FAMILY = "1,2";
				TEST_HOST = "$(BUILT_PRODUCTS_DIR)/instagramClone.app/instagramClone";
			};
			name = Release;
		};
		3A3774BA2385EB2A0034EA59 /* Debug */ = {
			isa = XCBuildConfiguration;
			baseConfigurationReference = 34780B93FD850AB6216D5C47 /* Pods-instagramClone-instagramCloneUITests.debug.xcconfig */;
			buildSettings = {
				ALWAYS_EMBED_SWIFT_STANDARD_LIBRARIES = YES;
				CODE_SIGN_STYLE = Automatic;
				DEVELOPMENT_TEAM = BHJSDBBPS7;
				INFOPLIST_FILE = instagramCloneUITests/Info.plist;
				LD_RUNPATH_SEARCH_PATHS = (
					"$(inherited)",
					"@executable_path/Frameworks",
					"@loader_path/Frameworks",
				);
				PRODUCT_BUNDLE_IDENTIFIER = samroman.instagramCloneUITests;
				PRODUCT_NAME = "$(TARGET_NAME)";
				SWIFT_VERSION = 5.0;
				TARGETED_DEVICE_FAMILY = "1,2";
				TEST_TARGET_NAME = instagramClone;
			};
			name = Debug;
		};
		3A3774BB2385EB2A0034EA59 /* Release */ = {
			isa = XCBuildConfiguration;
			baseConfigurationReference = 46D7845BB4947603DA5F1414 /* Pods-instagramClone-instagramCloneUITests.release.xcconfig */;
			buildSettings = {
				ALWAYS_EMBED_SWIFT_STANDARD_LIBRARIES = YES;
				CODE_SIGN_STYLE = Automatic;
				DEVELOPMENT_TEAM = BHJSDBBPS7;
				INFOPLIST_FILE = instagramCloneUITests/Info.plist;
				LD_RUNPATH_SEARCH_PATHS = (
					"$(inherited)",
					"@executable_path/Frameworks",
					"@loader_path/Frameworks",
				);
				PRODUCT_BUNDLE_IDENTIFIER = samroman.instagramCloneUITests;
				PRODUCT_NAME = "$(TARGET_NAME)";
				SWIFT_VERSION = 5.0;
				TARGETED_DEVICE_FAMILY = "1,2";
				TEST_TARGET_NAME = instagramClone;
			};
			name = Release;
		};
/* End XCBuildConfiguration section */

/* Begin XCConfigurationList section */
		3A3774842385EB260034EA59 /* Build configuration list for PBXProject "instagramClone" */ = {
			isa = XCConfigurationList;
			buildConfigurations = (
				3A3774B12385EB2A0034EA59 /* Debug */,
				3A3774B22385EB2A0034EA59 /* Release */,
			);
			defaultConfigurationIsVisible = 0;
			defaultConfigurationName = Release;
		};
		3A3774B32385EB2A0034EA59 /* Build configuration list for PBXNativeTarget "instagramClone" */ = {
			isa = XCConfigurationList;
			buildConfigurations = (
				3A3774B42385EB2A0034EA59 /* Debug */,
				3A3774B52385EB2A0034EA59 /* Release */,
			);
			defaultConfigurationIsVisible = 0;
			defaultConfigurationName = Release;
		};
		3A3774B62385EB2A0034EA59 /* Build configuration list for PBXNativeTarget "instagramCloneTests" */ = {
			isa = XCConfigurationList;
			buildConfigurations = (
				3A3774B72385EB2A0034EA59 /* Debug */,
				3A3774B82385EB2A0034EA59 /* Release */,
			);
			defaultConfigurationIsVisible = 0;
			defaultConfigurationName = Release;
		};
		3A3774B92385EB2A0034EA59 /* Build configuration list for PBXNativeTarget "instagramCloneUITests" */ = {
			isa = XCConfigurationList;
			buildConfigurations = (
				3A3774BA2385EB2A0034EA59 /* Debug */,
				3A3774BB2385EB2A0034EA59 /* Release */,
			);
			defaultConfigurationIsVisible = 0;
			defaultConfigurationName = Release;
		};
/* End XCConfigurationList section */
	};
	rootObject = 3A3774812385EB260034EA59 /* Project object */;
}
